
Microsoft Visual Studio Solution File, Format Version 12.00
Project("{FAE04EC0-301F-11D3-BF4B-00C04F79EFBC}") = "Demo.Authentication", "Demo.Authentication\Demo.Authentication.csproj", "{A6F0BAAF-5007-492F-A14F-DCCE196A6A9D}"
EndProject
Global
	GlobalSection(SolutionConfigurationPlatforms) = preSolution
		Debug|Any CPU = Debug|Any CPU
		Release|Any CPU = Release|Any CPU
	EndGlobalSection
	GlobalSection(ProjectConfigurationPlatforms) = postSolution
		{A6F0BAAF-5007-492F-A14F-DCCE196A6A9D}.Debug|Any CPU.ActiveCfg = Debug|Any CPU
		{A6F0BAAF-5007-492F-A14F-DCCE196A6A9D}.Debug|Any CPU.Build.0 = Debug|Any CPU
		{A6F0BAAF-5007-492F-A14F-DCCE196A6A9D}.Release|Any CPU.ActiveCfg = Release|Any CPU
		{A6F0BAAF-5007-492F-A14F-DCCE196A6A9D}.Release|Any CPU.Build.0 = Release|Any CPU
	EndGlobalSection
EndGlobal
