{
  "name": "Demo.Authentication",
  "lockfileVersion": 3,
  "requires": true,
  "packages": {
    "": {
      "dependencies": {
        "@angular/compiler": "^17.1.2",
        "zone.js": "^0.14.3"
      }
    },
    "node_modules/@angular/compiler": {
      "version": "17.1.2",
      "resolved": "https://registry.npmjs.org/@angular/compiler/-/compiler-17.1.2.tgz",
      "integrity": "sha512-1vJuQRM5V01nC6qsLvBKrHVZXpzbK0YKubwVQUXCSfDNZBcDFak3SQcwU4C2t880rU3ZvFDB1UWfk7CKn5w9Kw==",
      "dependencies": {
        "tslib": "^2.3.0"
      },
      "engines": {
        "node": "^18.13.0 || >=20.9.0"
      },
      "peerDependencies": {
        "@angular/core": "17.1.2"
      },
      "peerDependenciesMeta": {
        "@angular/core": {
          "optional": true
        }
      }
    },
    "node_modules/tslib": {
      "version": "2.6.2",
      "resolved": "https://registry.npmjs.org/tslib/-/tslib-2.6.2.tgz",
      "integrity": "sha512-AEYxH93jGFPn/a2iVAwW87VuUIkR1FVUKB77NwMF7nBTDkDrrT/Hpt/IrCJ0QXhW27jTBDcf5ZY7w6RiqTMw2Q=="
    },
    "node_modules/zone.js": {
      "version": "0.14.3",
      "resolved": "https://registry.npmjs.org/zone.js/-/zone.js-0.14.3.tgz",
      "integrity": "sha512-jYoNqF046Q+JfcZSItRSt+oXFcpXL88yq7XAZjb/NKTS7w2hHpKjRJ3VlFD1k75wMaRRXNUt5vrZVlygiMyHbA==",
      "dependencies": {
        "tslib": "^2.3.0"
      }
    }
  }
}
